// !$*UTF8*$!
{
	archiveVersion = 1;
	classes = {
	};
	objectVersion = 46;
	objects = {

/* Begin PBXBuildFile section */
		3C39121D28E3729420344D96 /* Pods_Ramen_Tacos.framework in Frameworks */ = {isa = PBXBuildFile; fileRef = CB35F8CD9ED0F24EF10200C7 /* Pods_Ramen_Tacos.framework */; settings = {ATTRIBUTES = (Weak, ); }; };
		8450F3531B94FB51004159A9 /* AppDelegate.swift in Sources */ = {isa = PBXBuildFile; fileRef = 8450F3521B94FB51004159A9 /* AppDelegate.swift */; };
		8450F35A1B94FB51004159A9 /* Images.xcassets in Resources */ = {isa = PBXBuildFile; fileRef = 8450F3591B94FB51004159A9 /* Images.xcassets */; };
		8450F35D1B94FB51004159A9 /* LaunchScreen.xib in Resources */ = {isa = PBXBuildFile; fileRef = 8450F35B1B94FB51004159A9 /* LaunchScreen.xib */; };
		8450F3691B94FB51004159A9 /* Ramen_TacosTests.swift in Sources */ = {isa = PBXBuildFile; fileRef = 8450F3681B94FB51004159A9 /* Ramen_TacosTests.swift */; };
		849E7C7B1B95028900E8E5E9 /* MoviesViewController.swift in Sources */ = {isa = PBXBuildFile; fileRef = 849E7C7A1B95028900E8E5E9 /* MoviesViewController.swift */; };
		849E7C7F1B951D5700E8E5E9 /* MovieCell.swift in Sources */ = {isa = PBXBuildFile; fileRef = 849E7C7E1B951D5700E8E5E9 /* MovieCell.swift */; };
/* End PBXBuildFile section */

/* Begin PBXContainerItemProxy section */
		8450F3631B94FB51004159A9 /* PBXContainerItemProxy */ = {
			isa = PBXContainerItemProxy;
			containerPortal = 8450F3451B94FB51004159A9 /* Project object */;
			proxyType = 1;
			remoteGlobalIDString = 8450F34C1B94FB51004159A9;
			remoteInfo = "Ramen Tacos";
		};
/* End PBXContainerItemProxy section */

/* Begin PBXFileReference section */
		5FEC2931750F551437473316 /* Pods-Ramen Tacos.release.xcconfig */ = {isa = PBXFileReference; includeInIndex = 1; lastKnownFileType = text.xcconfig; name = "Pods-Ramen Tacos.release.xcconfig"; path = "Pods/Target Support Files/Pods-Ramen Tacos/Pods-Ramen Tacos.release.xcconfig"; sourceTree = "<group>"; };
		8450F34D1B94FB51004159A9 /* Ramen Tacos.app */ = {isa = PBXFileReference; explicitFileType = wrapper.application; includeInIndex = 0; path = "Ramen Tacos.app"; sourceTree = BUILT_PRODUCTS_DIR; };
		8450F3511B94FB51004159A9 /* Info.plist */ = {isa = PBXFileReference; lastKnownFileType = text.plist.xml; path = Info.plist; sourceTree = "<group>"; };
		8450F3521B94FB51004159A9 /* AppDelegate.swift */ = {isa = PBXFileReference; lastKnownFileType = sourcecode.swift; path = AppDelegate.swift; sourceTree = "<group>"; };
		8450F3591B94FB51004159A9 /* Images.xcassets */ = {isa = PBXFileReference; lastKnownFileType = folder.assetcatalog; path = Images.xcassets; sourceTree = "<group>"; };
		8450F35C1B94FB51004159A9 /* Base */ = {isa = PBXFileReference; lastKnownFileType = file.xib; name = Base; path = Base.lproj/LaunchScreen.xib; sourceTree = "<group>"; };
		8450F3621B94FB51004159A9 /* Ramen TacosTests.xctest */ = {isa = PBXFileReference; explicitFileType = wrapper.cfbundle; includeInIndex = 0; path = "Ramen TacosTests.xctest"; sourceTree = BUILT_PRODUCTS_DIR; };
		8450F3671B94FB51004159A9 /* Info.plist */ = {isa = PBXFileReference; lastKnownFileType = text.plist.xml; path = Info.plist; sourceTree = "<group>"; };
		8450F3681B94FB51004159A9 /* Ramen_TacosTests.swift */ = {isa = PBXFileReference; lastKnownFileType = sourcecode.swift; path = Ramen_TacosTests.swift; sourceTree = "<group>"; };
		849E7C7A1B95028900E8E5E9 /* MoviesViewController.swift */ = {isa = PBXFileReference; fileEncoding = 4; lastKnownFileType = sourcecode.swift; path = MoviesViewController.swift; sourceTree = "<group>"; };
		849E7C7E1B951D5700E8E5E9 /* MovieCell.swift */ = {isa = PBXFileReference; fileEncoding = 4; lastKnownFileType = sourcecode.swift; path = MovieCell.swift; sourceTree = "<group>"; };
		CB35F8CD9ED0F24EF10200C7 /* Pods_Ramen_Tacos.framework */ = {isa = PBXFileReference; explicitFileType = wrapper.framework; includeInIndex = 0; path = Pods_Ramen_Tacos.framework; sourceTree = BUILT_PRODUCTS_DIR; };
		EE105B161CF94C1C8E289102 /* Pods-Ramen Tacos.debug.xcconfig */ = {isa = PBXFileReference; includeInIndex = 1; lastKnownFileType = text.xcconfig; name = "Pods-Ramen Tacos.debug.xcconfig"; path = "Pods/Target Support Files/Pods-Ramen Tacos/Pods-Ramen Tacos.debug.xcconfig"; sourceTree = "<group>"; };
/* End PBXFileReference section */

/* Begin PBXFrameworksBuildPhase section */
		8450F34A1B94FB51004159A9 /* Frameworks */ = {
			isa = PBXFrameworksBuildPhase;
			buildActionMask = 2147483647;
			files = (
				3C39121D28E3729420344D96 /* Pods_Ramen_Tacos.framework in Frameworks */,
			);
			runOnlyForDeploymentPostprocessing = 0;
		};
		8450F35F1B94FB51004159A9 /* Frameworks */ = {
			isa = PBXFrameworksBuildPhase;
			buildActionMask = 2147483647;
			files = (
			);
			runOnlyForDeploymentPostprocessing = 0;
		};
/* End PBXFrameworksBuildPhase section */

/* Begin PBXGroup section */
		6B9D789F1303039008E81A8B /* Pods */ = {
			isa = PBXGroup;
			children = (
				EE105B161CF94C1C8E289102 /* Pods-Ramen Tacos.debug.xcconfig */,
				5FEC2931750F551437473316 /* Pods-Ramen Tacos.release.xcconfig */,
			);
			name = Pods;
			sourceTree = "<group>";
		};
		73F46D2C04F980C8DF438C93 /* Frameworks */ = {
			isa = PBXGroup;
			children = (
				CB35F8CD9ED0F24EF10200C7 /* Pods_Ramen_Tacos.framework */,
			);
			name = Frameworks;
			sourceTree = "<group>";
		};
		8450F3441B94FB51004159A9 = {
			isa = PBXGroup;
			children = (
				8450F34F1B94FB51004159A9 /* Ramen Tacos */,
				8450F3651B94FB51004159A9 /* Ramen TacosTests */,
				8450F34E1B94FB51004159A9 /* Products */,
				6B9D789F1303039008E81A8B /* Pods */,
				73F46D2C04F980C8DF438C93 /* Frameworks */,
			);
			sourceTree = "<group>";
		};
		8450F34E1B94FB51004159A9 /* Products */ = {
			isa = PBXGroup;
			children = (
				8450F34D1B94FB51004159A9 /* Ramen Tacos.app */,
				8450F3621B94FB51004159A9 /* Ramen TacosTests.xctest */,
			);
			name = Products;
			sourceTree = "<group>";
		};
		8450F34F1B94FB51004159A9 /* Ramen Tacos */ = {
			isa = PBXGroup;
			children = (
				849E7C7D1B951D2A00E8E5E9 /* Views */,
				849E7C7C1B95028F00E8E5E9 /* ViewControllers */,
				8450F3521B94FB51004159A9 /* AppDelegate.swift */,
				8450F3591B94FB51004159A9 /* Images.xcassets */,
				8450F35B1B94FB51004159A9 /* LaunchScreen.xib */,
				8450F3501B94FB51004159A9 /* Supporting Files */,
			);
			path = "Ramen Tacos";
			sourceTree = "<group>";
		};
		8450F3501B94FB51004159A9 /* Supporting Files */ = {
			isa = PBXGroup;
			children = (
				8450F3511B94FB51004159A9 /* Info.plist */,
			);
			name = "Supporting Files";
			sourceTree = "<group>";
		};
		8450F3651B94FB51004159A9 /* Ramen TacosTests */ = {
			isa = PBXGroup;
			children = (
				8450F3681B94FB51004159A9 /* Ramen_TacosTests.swift */,
				8450F3661B94FB51004159A9 /* Supporting Files */,
			);
			path = "Ramen TacosTests";
			sourceTree = "<group>";
		};
		8450F3661B94FB51004159A9 /* Supporting Files */ = {
			isa = PBXGroup;
			children = (
				8450F3671B94FB51004159A9 /* Info.plist */,
			);
			name = "Supporting Files";
			sourceTree = "<group>";
		};
		849E7C7C1B95028F00E8E5E9 /* ViewControllers */ = {
			isa = PBXGroup;
			children = (
				849E7C7A1B95028900E8E5E9 /* MoviesViewController.swift */,
			);
			name = ViewControllers;
			sourceTree = "<group>";
		};
		849E7C7D1B951D2A00E8E5E9 /* Views */ = {
			isa = PBXGroup;
			children = (
				849E7C7E1B951D5700E8E5E9 /* MovieCell.swift */,
			);
			name = Views;
			sourceTree = "<group>";
		};
/* End PBXGroup section */

/* Begin PBXNativeTarget section */
		8450F34C1B94FB51004159A9 /* Ramen Tacos */ = {
			isa = PBXNativeTarget;
			buildConfigurationList = 8450F36C1B94FB51004159A9 /* Build configuration list for PBXNativeTarget "Ramen Tacos" */;
			buildPhases = (
				613B58FCC3F71B7CE9B4DDF6 /* Check Pods Manifest.lock */,
				8450F3491B94FB51004159A9 /* Sources */,
				8450F34A1B94FB51004159A9 /* Frameworks */,
				8450F34B1B94FB51004159A9 /* Resources */,
				7CF3A9FE5992BB47A1263AC6 /* Embed Pods Frameworks */,
				40ABEE4F54D8A7C5838E2DFE /* Copy Pods Resources */,
			);
			buildRules = (
			);
			dependencies = (
			);
			name = "Ramen Tacos";
			productName = "Ramen Tacos";
			productReference = 8450F34D1B94FB51004159A9 /* Ramen Tacos.app */;
			productType = "com.apple.product-type.application";
		};
		8450F3611B94FB51004159A9 /* Ramen TacosTests */ = {
			isa = PBXNativeTarget;
			buildConfigurationList = 8450F36F1B94FB51004159A9 /* Build configuration list for PBXNativeTarget "Ramen TacosTests" */;
			buildPhases = (
				8450F35E1B94FB51004159A9 /* Sources */,
				8450F35F1B94FB51004159A9 /* Frameworks */,
				8450F3601B94FB51004159A9 /* Resources */,
			);
			buildRules = (
			);
			dependencies = (
				8450F3641B94FB51004159A9 /* PBXTargetDependency */,
			);
			name = "Ramen TacosTests";
			productName = "Ramen TacosTests";
			productReference = 8450F3621B94FB51004159A9 /* Ramen TacosTests.xctest */;
			productType = "com.apple.product-type.bundle.unit-test";
		};
/* End PBXNativeTarget section */

/* Begin PBXProject section */
		8450F3451B94FB51004159A9 /* Project object */ = {
			isa = PBXProject;
			attributes = {
				LastUpgradeCheck = 0640;
				ORGANIZATIONNAME = "Mystery Command";
				TargetAttributes = {
					8450F34C1B94FB51004159A9 = {
						CreatedOnToolsVersion = 6.4;
					};
					8450F3611B94FB51004159A9 = {
						CreatedOnToolsVersion = 6.4;
						TestTargetID = 8450F34C1B94FB51004159A9;
					};
				};
			};
			buildConfigurationList = 8450F3481B94FB51004159A9 /* Build configuration list for PBXProject "Ramen Tacos" */;
			compatibilityVersion = "Xcode 3.2";
			developmentRegion = English;
			hasScannedForEncodings = 0;
			knownRegions = (
				en,
				Base,
			);
			mainGroup = 8450F3441B94FB51004159A9;
			productRefGroup = 8450F34E1B94FB51004159A9 /* Products */;
			projectDirPath = "";
			projectRoot = "";
			targets = (
				8450F34C1B94FB51004159A9 /* Ramen Tacos */,
				8450F3611B94FB51004159A9 /* Ramen TacosTests */,
			);
		};
/* End PBXProject section */

/* Begin PBXResourcesBuildPhase section */
		8450F34B1B94FB51004159A9 /* Resources */ = {
			isa = PBXResourcesBuildPhase;
			buildActionMask = 2147483647;
			files = (
				8450F35D1B94FB51004159A9 /* LaunchScreen.xib in Resources */,
				8450F35A1B94FB51004159A9 /* Images.xcassets in Resources */,
			);
			runOnlyForDeploymentPostprocessing = 0;
		};
		8450F3601B94FB51004159A9 /* Resources */ = {
			isa = PBXResourcesBuildPhase;
			buildActionMask = 2147483647;
			files = (
			);
			runOnlyForDeploymentPostprocessing = 0;
		};
/* End PBXResourcesBuildPhase section */

/* Begin PBXShellScriptBuildPhase section */
		40ABEE4F54D8A7C5838E2DFE /* Copy Pods Resources */ = {
			isa = PBXShellScriptBuildPhase;
			buildActionMask = 2147483647;
			files = (
			);
			inputPaths = (
			);
			name = "Copy Pods Resources";
			outputPaths = (
			);
			runOnlyForDeploymentPostprocessing = 0;
			shellPath = /bin/sh;
			shellScript = "\"${SRCROOT}/Pods/Target Support Files/Pods-Ramen Tacos/Pods-Ramen Tacos-resources.sh\"\n";
			showEnvVarsInLog = 0;
		};
		613B58FCC3F71B7CE9B4DDF6 /* Check Pods Manifest.lock */ = {
			isa = PBXShellScriptBuildPhase;
			buildActionMask = 2147483647;
			files = (
			);
			inputPaths = (
			);
			name = "Check Pods Manifest.lock";
			outputPaths = (
			);
			runOnlyForDeploymentPostprocessing = 0;
			shellPath = /bin/sh;
			shellScript = "diff \"${PODS_ROOT}/../Podfile.lock\" \"${PODS_ROOT}/Manifest.lock\" > /dev/null\nif [[ $? != 0 ]] ; then\n    cat << EOM\nerror: The sandbox is not in sync with the Podfile.lock. Run 'pod install' or update your CocoaPods installation.\nEOM\n    exit 1\nfi\n";
			showEnvVarsInLog = 0;
		};
		7CF3A9FE5992BB47A1263AC6 /* Embed Pods Frameworks */ = {
			isa = PBXShellScriptBuildPhase;
			buildActionMask = 2147483647;
			files = (
			);
			inputPaths = (
			);
			name = "Embed Pods Frameworks";
			outputPaths = (
			);
			runOnlyForDeploymentPostprocessing = 0;
			shellPath = /bin/sh;
			shellScript = "\"${SRCROOT}/Pods/Target Support Files/Pods-Ramen Tacos/Pods-Ramen Tacos-frameworks.sh\"\n";
			showEnvVarsInLog = 0;
		};
/* End PBXShellScriptBuildPhase section */

/* Begin PBXSourcesBuildPhase section */
		8450F3491B94FB51004159A9 /* Sources */ = {
			isa = PBXSourcesBuildPhase;
			buildActionMask = 2147483647;
			files = (
				849E7C7F1B951D5700E8E5E9 /* MovieCell.swift in Sources */,
				8450F3531B94FB51004159A9 /* AppDelegate.swift in Sources */,
				849E7C7B1B95028900E8E5E9 /* MoviesViewController.swift in Sources */,
			);
			runOnlyForDeploymentPostprocessing = 0;
		};
		8450F35E1B94FB51004159A9 /* Sources */ = {
			isa = PBXSourcesBuildPhase;
			buildActionMask = 2147483647;
			files = (
				8450F3691B94FB51004159A9 /* Ramen_TacosTests.swift in Sources */,
			);
			runOnlyForDeploymentPostprocessing = 0;
		};
/* End PBXSourcesBuildPhase section */

/* Begin PBXTargetDependency section */
		8450F3641B94FB51004159A9 /* PBXTargetDependency */ = {
			isa = PBXTargetDependency;
			target = 8450F34C1B94FB51004159A9 /* Ramen Tacos */;
			targetProxy = 8450F3631B94FB51004159A9 /* PBXContainerItemProxy */;
		};
/* End PBXTargetDependency section */

/* Begin PBXVariantGroup section */
		8450F35B1B94FB51004159A9 /* LaunchScreen.xib */ = {
			isa = PBXVariantGroup;
			children = (
				8450F35C1B94FB51004159A9 /* Base */,
			);
			name = LaunchScreen.xib;
			sourceTree = "<group>";
		};
/* End PBXVariantGroup section */

/* Begin XCBuildConfiguration section */
		8450F36A1B94FB51004159A9 /* Debug */ = {
			isa = XCBuildConfiguration;
			buildSettings = {
				ALWAYS_SEARCH_USER_PATHS = NO;
				CLANG_CXX_LANGUAGE_STANDARD = "gnu++0x";
				CLANG_CXX_LIBRARY = "libc++";
				CLANG_ENABLE_MODULES = YES;
				CLANG_ENABLE_OBJC_ARC = YES;
				CLANG_WARN_BOOL_CONVERSION = YES;
				CLANG_WARN_CONSTANT_CONVERSION = YES;
				CLANG_WARN_DIRECT_OBJC_ISA_USAGE = YES_ERROR;
				CLANG_WARN_EMPTY_BODY = YES;
				CLANG_WARN_ENUM_CONVERSION = YES;
				CLANG_WARN_INT_CONVERSION = YES;
				CLANG_WARN_OBJC_ROOT_CLASS = YES_ERROR;
				CLANG_WARN_UNREACHABLE_CODE = YES;
				CLANG_WARN__DUPLICATE_METHOD_MATCH = YES;
				"CODE_SIGN_IDENTITY[sdk=iphoneos*]" = "iPhone Developer";
				COPY_PHASE_STRIP = NO;
				DEBUG_INFORMATION_FORMAT = "dwarf-with-dsym";
				ENABLE_STRICT_OBJC_MSGSEND = YES;
				GCC_C_LANGUAGE_STANDARD = gnu99;
				GCC_DYNAMIC_NO_PIC = NO;
				GCC_NO_COMMON_BLOCKS = YES;
				GCC_OPTIMIZATION_LEVEL = 0;
				GCC_PREPROCESSOR_DEFINITIONS = (
					"DEBUG=1",
					"$(inherited)",
				);
				GCC_SYMBOLS_PRIVATE_EXTERN = NO;
				GCC_WARN_64_TO_32_BIT_CONVERSION = YES;
				GCC_WARN_ABOUT_RETURN_TYPE = YES_ERROR;
				GCC_WARN_UNDECLARED_SELECTOR = YES;
				GCC_WARN_UNINITIALIZED_AUTOS = YES_AGGRESSIVE;
				GCC_WARN_UNUSED_FUNCTION = YES;
				GCC_WARN_UNUSED_VARIABLE = YES;
				IPHONEOS_DEPLOYMENT_TARGET = 8.4;
				MTL_ENABLE_DEBUG_INFO = YES;
				ONLY_ACTIVE_ARCH = YES;
				SDKROOT = iphoneos;
				SWIFT_OPTIMIZATION_LEVEL = "-Onone";
			};
			name = Debug;
		};
		8450F36B1B94FB51004159A9 /* Release */ = {
			isa = XCBuildConfiguration;
			buildSettings = {
				ALWAYS_SEARCH_USER_PATHS = NO;
				CLANG_CXX_LANGUAGE_STANDARD = "gnu++0x";
				CLANG_CXX_LIBRARY = "libc++";
				CLANG_ENABLE_MODULES = YES;
				CLANG_ENABLE_OBJC_ARC = YES;
				CLANG_WARN_BOOL_CONVERSION = YES;
				CLANG_WARN_CONSTANT_CONVERSION = YES;
				CLANG_WARN_DIRECT_OBJC_ISA_USAGE = YES_ERROR;
				CLANG_WARN_EMPTY_BODY = YES;
				CLANG_WARN_ENUM_CONVERSION = YES;
				CLANG_WARN_INT_CONVERSION = YES;
				CLANG_WARN_OBJC_ROOT_CLASS = YES_ERROR;
				CLANG_WARN_UNREACHABLE_CODE = YES;
				CLANG_WARN__DUPLICATE_METHOD_MATCH = YES;
				"CODE_SIGN_IDENTITY[sdk=iphoneos*]" = "iPhone Developer";
				COPY_PHASE_STRIP = NO;
				DEBUG_INFORMATION_FORMAT = "dwarf-with-dsym";
				ENABLE_NS_ASSERTIONS = NO;
				ENABLE_STRICT_OBJC_MSGSEND = YES;
				GCC_C_LANGUAGE_STANDARD = gnu99;
				GCC_NO_COMMON_BLOCKS = YES;
				GCC_WARN_64_TO_32_BIT_CONVERSION = YES;
				GCC_WARN_ABOUT_RETURN_TYPE = YES_ERROR;
				GCC_WARN_UNDECLARED_SELECTOR = YES;
				GCC_WARN_UNINITIALIZED_AUTOS = YES_AGGRESSIVE;
				GCC_WARN_UNUSED_FUNCTION = YES;
				GCC_WARN_UNUSED_VARIABLE = YES;
				IPHONEOS_DEPLOYMENT_TARGET = 8.4;
				MTL_ENABLE_DEBUG_INFO = NO;
				SDKROOT = iphoneos;
				VALIDATE_PRODUCT = YES;
			};
			name = Release;
		};
		8450F36D1B94FB51004159A9 /* Debug */ = {
			isa = XCBuildConfiguration;
			baseConfigurationReference = EE105B161CF94C1C8E289102 /* Pods-Ramen Tacos.debug.xcconfig */;
			buildSettings = {
				ASSETCATALOG_COMPILER_APPICON_NAME = AppIcon;
				INFOPLIST_FILE = "Ramen Tacos/Info.plist";
				LD_RUNPATH_SEARCH_PATHS = "$(inherited) @executable_path/Frameworks";
				PRODUCT_NAME = "$(TARGET_NAME)";
			};
			name = Debug;
		};
		8450F36E1B94FB51004159A9 /* Release */ = {
			isa = XCBuildConfiguration;
			baseConfigurationReference = 5FEC2931750F551437473316 /* Pods-Ramen Tacos.release.xcconfig */;
			buildSettings = {
				ASSETCATALOG_COMPILER_APPICON_NAME = AppIcon;
				INFOPLIST_FILE = "Ramen Tacos/Info.plist";
				LD_RUNPATH_SEARCH_PATHS = "$(inherited) @executable_path/Frameworks";
				PRODUCT_NAME = "$(TARGET_NAME)";
			};
			name = Release;
		};
		8450F3701B94FB51004159A9 /* Debug */ = {
			isa = XCBuildConfiguration;
			buildSettings = {
				BUNDLE_LOADER = "$(TEST_HOST)";
				FRAMEWORK_SEARCH_PATHS = (
					"$(SDKROOT)/Developer/Library/Frameworks",
					"$(inherited)",
				);
				GCC_PREPROCESSOR_DEFINITIONS = (
					"DEBUG=1",
					"$(inherited)",
				);
				INFOPLIST_FILE = "Ramen TacosTests/Info.plist";
				LD_RUNPATH_SEARCH_PATHS = "$(inherited) @executable_path/Frameworks @loader_path/Frameworks";
				PRODUCT_NAME = "$(TARGET_NAME)";
				TEST_HOST = "$(BUILT_PRODUCTS_DIR)/Ramen Tacos.app/Ramen Tacos";
			};
			name = Debug;
		};
		8450F3711B94FB51004159A9 /* Release */ = {
			isa = XCBuildConfiguration;
			buildSettings = {
				BUNDLE_LOADER = "$(TEST_HOST)";
				FRAMEWORK_SEARCH_PATHS = (
					"$(SDKROOT)/Developer/Library/Frameworks",
					"$(inherited)",
				);
				INFOPLIST_FILE = "Ramen TacosTests/Info.plist";
				LD_RUNPATH_SEARCH_PATHS = "$(inherited) @executable_path/Frameworks @loader_path/Frameworks";
				PRODUCT_NAME = "$(TARGET_NAME)";
				TEST_HOST = "$(BUILT_PRODUCTS_DIR)/Ramen Tacos.app/Ramen Tacos";
			};
			name = Release;
		};
/* End XCBuildConfiguration section */

/* Begin XCConfigurationList section */
		8450F3481B94FB51004159A9 /* Build configuration list for PBXProject "Ramen Tacos" */ = {
			isa = XCConfigurationList;
			buildConfigurations = (
				8450F36A1B94FB51004159A9 /* Debug */,
				8450F36B1B94FB51004159A9 /* Release */,
			);
			defaultConfigurationIsVisible = 0;
			defaultConfigurationName = Release;
		};
		8450F36C1B94FB51004159A9 /* Build configuration list for PBXNativeTarget "Ramen Tacos" */ = {
			isa = XCConfigurationList;
			buildConfigurations = (
				8450F36D1B94FB51004159A9 /* Debug */,
				8450F36E1B94FB51004159A9 /* Release */,
			);
			defaultConfigurationIsVisible = 0;
			defaultConfigurationName = Release;
		};
		8450F36F1B94FB51004159A9 /* Build configuration list for PBXNativeTarget "Ramen TacosTests" */ = {
			isa = XCConfigurationList;
			buildConfigurations = (
				8450F3701B94FB51004159A9 /* Debug */,
				8450F3711B94FB51004159A9 /* Release */,
			);
			defaultConfigurationIsVisible = 0;
			defaultConfigurationName = Release;
		};
/* End XCConfigurationList section */
	};
	rootObject = 8450F3451B94FB51004159A9 /* Project object */;
}
